
Microsoft Visual Studio Solution File, Format Version 12.00
# Visual Studio Version 16
VisualStudioVersion = 16.0.29418.71
MinimumVisualStudioVersion = 10.0.40219.1
Project("{9A19103F-16F7-4668-BE54-9A1E7A4F7556}") = "Python.Included", "Python.Included\Python.Included.csproj", "{65F55967-87AA-4653-8907-D906B572CD85}"
EndProject
Project("{FAE04EC0-301F-11D3-BF4B-00C04F79EFBC}") = "ReleaseBot", "ReleaseBot\ReleaseBot.csproj", "{2BAEA60C-88A2-45DC-8044-2C9571E1B8CF}"
EndProject
Global
	GlobalSection(SolutionConfigurationPlatforms) = preSolution
		Debug|Any CPU = Debug|Any CPU
		Release|Any CPU = Release|Any CPU
	EndGlobalSection
	GlobalSection(ProjectConfigurationPlatforms) = postSolution
		{65F55967-87AA-4653-8907-D906B572CD85}.Debug|Any CPU.ActiveCfg = Debug|Any CPU
		{65F55967-87AA-4653-8907-D906B572CD85}.Debug|Any CPU.Build.0 = Debug|Any CPU
		{65F55967-87AA-4653-8907-D906B572CD85}.Release|Any CPU.ActiveCfg = Release|Any CPU
		{65F55967-87AA-4653-8907-D906B572CD85}.Release|Any CPU.Build.0 = Release|Any CPU
		{2BAEA60C-88A2-45DC-8044-2C9571E1B8CF}.Debug|Any CPU.ActiveCfg = Debug|Any CPU
		{2BAEA60C-88A2-45DC-8044-2C9571E1B8CF}.Release|Any CPU.ActiveCfg = Release|Any CPU
		{2BAEA60C-88A2-45DC-8044-2C9571E1B8CF}.Release|Any CPU.Build.0 = Release|Any CPU
	EndGlobalSection
	GlobalSection(SolutionProperties) = preSolution
		HideSolutionNode = FALSE
	EndGlobalSection
	GlobalSection(ExtensibilityGlobals) = postSolution
		SolutionGuid = {1AD41278-71D6-4DE3-A5A9-D18A2067B168}
	EndGlobalSection
EndGlobal
